{
  "version": 4,
  "terraform_version": "1.0.11",
  "serial": 59,
  "lineage": "4fe025f1-b3f6-a8ef-5096-7cba7dee2c4e",
  "outputs": {
    "bootstrap_brokers_tls": {
      "value": "b-1.mdymenexample.temrgp.c12.kafka.us-west-2.amazonaws.com:9094,b-2.mdymenexample.temrgp.c12.kafka.us-west-2.amazonaws.com:9094,b-3.mdymenexample.temrgp.c12.kafka.us-west-2.amazonaws.com:9094",
      "type": "string"
    },
    "zookeeper_connect_string": {
      "value": "z-1.mdymenexample.temrgp.c12.kafka.us-west-2.amazonaws.com:2181,z-2.mdymenexample.temrgp.c12.kafka.us-west-2.amazonaws.com:2181,z-3.mdymenexample.temrgp.c12.kafka.us-west-2.amazonaws.com:2181",
      "type": "string"
    }
  },
  "resources": [
    {
      "mode": "data",
      "type": "aws_availability_zones",
      "name": "azs",
      "provider": "provider[\"registry.terraform.io/hashicorp/aws\"]",
      "instances": [
        {
          "schema_version": 0,
          "attributes": {
            "all_availability_zones": null,
            "exclude_names": null,
            "exclude_zone_ids": null,
            "filter": null,
            "group_names": [
              "us-west-2"
            ],
            "id": "us-west-2",
            "names": [
              "us-west-2a",
              "us-west-2b",
              "us-west-2c",
              "us-west-2d"
            ],
            "state": "available",
            "zone_ids": [
              "usw2-az2",
              "usw2-az1",
              "usw2-az3",
              "usw2-az4"
            ]
          },
          "sensitive_attributes": []
        }
      ]
    },
    {
      "mode": "managed",
      "type": "aws_cloudwatch_log_group",
      "name": "test",
      "provider": "provider[\"registry.terraform.io/hashicorp/aws\"]",
      "instances": [
        {
          "schema_version": 0,
          "attributes": {
            "arn": "arn:aws:logs:us-west-2:150527197918:log-group:msk_broker_logs",
            "id": "msk_broker_logs",
            "kms_key_id": "",
            "name": "msk_broker_logs",
            "name_prefix": null,
            "retention_in_days": 0,
            "tags": {},
            "tags_all": {}
          },
          "sensitive_attributes": [],
          "private": "bnVsbA=="
        }
      ]
    },
    {
      "mode": "managed",
      "type": "aws_iam_role",
      "name": "firehose_role",
      "provider": "provider[\"registry.terraform.io/hashicorp/aws\"]",
      "instances": [
        {
          "schema_version": 0,
          "attributes": {
            "arn": "arn:aws:iam::150527197918:role/firehose_test_role",
            "assume_role_policy": "{\"Statement\":[{\"Action\":\"sts:AssumeRole\",\"Effect\":\"Allow\",\"Principal\":{\"Service\":\"firehose.amazonaws.com\"},\"Sid\":\"\"}],\"Version\":\"2012-10-17\"}",
            "create_date": "2022-08-03T01:06:57Z",
            "description": "",
            "force_detach_policies": false,
            "id": "firehose_test_role",
            "inline_policy": [],
            "managed_policy_arns": [],
            "max_session_duration": 3600,
            "name": "firehose_test_role",
            "name_prefix": "",
            "path": "/",
            "permissions_boundary": null,
            "tags": {},
            "tags_all": {},
            "unique_id": "AROASGDA6YLPNCBXOUKDF"
          },
          "sensitive_attributes": [],
          "private": "bnVsbA=="
        }
      ]
    },
    {
      "mode": "managed",
      "type": "aws_kinesis_firehose_delivery_stream",
      "name": "test_stream",
      "provider": "provider[\"registry.terraform.io/hashicorp/aws\"]",
      "instances": [
        {
          "schema_version": 1,
          "attributes": {
            "arn": "arn:aws:firehose:us-west-2:150527197918:deliverystream/terraform-kinesis-firehose-msk-broker-logs-stream",
            "destination": "s3",
            "destination_id": "destinationId-000000000001",
            "elasticsearch_configuration": [],
            "extended_s3_configuration": [],
            "http_endpoint_configuration": [],
            "id": "arn:aws:firehose:us-west-2:150527197918:deliverystream/terraform-kinesis-firehose-msk-broker-logs-stream",
            "kinesis_source_configuration": [],
            "name": "terraform-kinesis-firehose-msk-broker-logs-stream",
            "redshift_configuration": [],
            "s3_configuration": [
              {
                "bucket_arn": "arn:aws:s3:::msk-broker-logs-bucket-mdymen",
                "buffer_interval": 300,
                "buffer_size": 5,
                "cloudwatch_logging_options": [
                  {
                    "enabled": false,
                    "log_group_name": "",
                    "log_stream_name": ""
                  }
                ],
                "compression_format": "UNCOMPRESSED",
                "error_output_prefix": "",
                "kms_key_arn": "",
                "prefix": "",
                "role_arn": "arn:aws:iam::150527197918:role/firehose_test_role"
              }
            ],
            "server_side_encryption": [
              {
                "enabled": false,
                "key_arn": "",
                "key_type": "AWS_OWNED_CMK"
              }
            ],
            "splunk_configuration": [],
            "tags": {
              "LogDeliveryEnabled": "placeholder"
            },
            "tags_all": {
              "LogDeliveryEnabled": "placeholder"
            },
            "version_id": "1"
          },
          "sensitive_attributes": [],
          "private": "eyJzY2hlbWFfdmVyc2lvbiI6IjEifQ==",
          "dependencies": [
            "aws_iam_role.firehose_role",
            "aws_s3_bucket.bucket"
          ]
        }
      ]
    },
    {
      "mode": "managed",
      "type": "aws_kms_key",
      "name": "kms",
      "provider": "provider[\"registry.terraform.io/hashicorp/aws\"]",
      "instances": [
        {
          "schema_version": 0,
          "attributes": {
            "arn": "arn:aws:kms:us-west-2:150527197918:key/c1a2109e-4ee9-483f-a35e-83c0bd14cf39",
            "bypass_policy_lockout_safety_check": false,
            "customer_master_key_spec": "SYMMETRIC_DEFAULT",
            "deletion_window_in_days": null,
            "description": "example",
            "enable_key_rotation": false,
            "id": "c1a2109e-4ee9-483f-a35e-83c0bd14cf39",
            "is_enabled": true,
            "key_id": "c1a2109e-4ee9-483f-a35e-83c0bd14cf39",
            "key_usage": "ENCRYPT_DECRYPT",
            "multi_region": false,
            "policy": "{\"Id\":\"key-default-1\",\"Statement\":[{\"Action\":\"kms:*\",\"Effect\":\"Allow\",\"Principal\":{\"AWS\":\"arn:aws:iam::150527197918:root\"},\"Resource\":\"*\",\"Sid\":\"Enable IAM User Permissions\"}],\"Version\":\"2012-10-17\"}",
            "tags": {},
            "tags_all": {}
          },
          "sensitive_attributes": [],
          "private": "bnVsbA=="
        }
      ]
    },
    {
      "mode": "managed",
      "type": "aws_msk_cluster",
      "name": "mdymenexample",
      "provider": "provider[\"registry.terraform.io/hashicorp/aws\"]",
      "instances": [
        {
          "schema_version": 0,
          "attributes": {
            "arn": "arn:aws:kafka:us-west-2:150527197918:cluster/mdymenexample/bb6ca973-a8c5-424e-afac-05f10025db23-12",
            "bootstrap_brokers": "",
            "bootstrap_brokers_public_sasl_iam": "",
            "bootstrap_brokers_public_sasl_scram": "",
            "bootstrap_brokers_public_tls": "",
            "bootstrap_brokers_sasl_iam": "",
            "bootstrap_brokers_sasl_scram": "",
            "bootstrap_brokers_tls": "b-1.mdymenexample.temrgp.c12.kafka.us-west-2.amazonaws.com:9094,b-2.mdymenexample.temrgp.c12.kafka.us-west-2.amazonaws.com:9094,b-3.mdymenexample.temrgp.c12.kafka.us-west-2.amazonaws.com:9094",
            "broker_node_group_info": [
              {
                "az_distribution": "DEFAULT",
                "client_subnets": [
                  "subnet-033269d9618d6c7c7",
                  "subnet-083ccc383fcc2b4bc",
                  "subnet-08a43a52c870b9bde"
                ],
                "connectivity_info": [
                  {
                    "public_access": [
                      {
                        "type": "DISABLED"
                      }
                    ]
                  }
                ],
                "ebs_volume_size": 1000,
                "instance_type": "kafka.m5.large",
                "security_groups": [
                  "sg-02dcb91fed9ed8417"
                ],
                "storage_info": [
                  {
                    "ebs_storage_info": [
                      {
                        "provisioned_throughput": [],
                        "volume_size": 1000
                      }
                    ]
                  }
                ]
              }
            ],
            "client_authentication": [],
            "cluster_name": "mdymenexample",
            "configuration_info": [
              {
                "arn": null,
                "revision": null
              }
            ],
            "current_version": "K3P5ROKL5A1OLE",
            "encryption_info": [
              {
                "encryption_at_rest_kms_key_arn": "arn:aws:kms:us-west-2:150527197918:key/c1a2109e-4ee9-483f-a35e-83c0bd14cf39",
                "encryption_in_transit": [
                  {
                    "client_broker": "TLS",
                    "in_cluster": true
                  }
                ]
              }
            ],
            "enhanced_monitoring": "DEFAULT",
            "id": "arn:aws:kafka:us-west-2:150527197918:cluster/mdymenexample/bb6ca973-a8c5-424e-afac-05f10025db23-12",
            "kafka_version": "3.2.0",
            "logging_info": [
              {
                "broker_logs": [
                  {
                    "cloudwatch_logs": [
                      {
                        "enabled": true,
                        "log_group": "msk_broker_logs"
                      }
                    ],
                    "firehose": [
                      {
                        "delivery_stream": "terraform-kinesis-firehose-msk-broker-logs-stream",
                        "enabled": true
                      }
                    ],
                    "s3": [
                      {
                        "bucket": "msk-broker-logs-bucket-mdymen",
                        "enabled": true,
                        "prefix": "logs/msk-"
                      }
                    ]
                  }
                ]
              }
            ],
            "number_of_broker_nodes": 3,
            "open_monitoring": [
              {
                "prometheus": [
                  {
                    "jmx_exporter": [
                      {
                        "enabled_in_broker": true
                      }
                    ],
                    "node_exporter": [
                      {
                        "enabled_in_broker": true
                      }
                    ]
                  }
                ]
              }
            ],
            "tags": {
              "foo": "bar"
            },
            "tags_all": {
              "foo": "bar"
            },
            "timeouts": null,
            "zookeeper_connect_string": "z-1.mdymenexample.temrgp.c12.kafka.us-west-2.amazonaws.com:2181,z-2.mdymenexample.temrgp.c12.kafka.us-west-2.amazonaws.com:2181,z-3.mdymenexample.temrgp.c12.kafka.us-west-2.amazonaws.com:2181",
            "zookeeper_connect_string_tls": "z-1.mdymenexample.temrgp.c12.kafka.us-west-2.amazonaws.com:2182,z-2.mdymenexample.temrgp.c12.kafka.us-west-2.amazonaws.com:2182,z-3.mdymenexample.temrgp.c12.kafka.us-west-2.amazonaws.com:2182"
          },
          "sensitive_attributes": [],
          "private": "eyJlMmJmYjczMC1lY2FhLTExZTYtOGY4OC0zNDM2M2JjN2M0YzAiOnsiY3JlYXRlIjo3MjAwMDAwMDAwMDAwLCJkZWxldGUiOjcyMDAwMDAwMDAwMDAsInVwZGF0ZSI6NzIwMDAwMDAwMDAwMH19",
          "dependencies": [
            "aws_cloudwatch_log_group.test",
            "aws_kinesis_firehose_delivery_stream.test_stream",
            "aws_kms_key.kms",
            "aws_s3_bucket.bucket",
            "aws_security_group.sg",
            "aws_subnet.subnet_az1",
            "aws_subnet.subnet_az2",
            "aws_subnet.subnet_az3"
          ]
        }
      ]
    },
    {
      "mode": "managed",
      "type": "aws_s3_bucket",
      "name": "bucket",
      "provider": "provider[\"registry.terraform.io/hashicorp/aws\"]",
      "instances": [
        {
          "schema_version": 0,
          "attributes": {
            "acceleration_status": "",
            "acl": null,
            "arn": "arn:aws:s3:::msk-broker-logs-bucket-mdymen",
            "bucket": "msk-broker-logs-bucket-mdymen",
            "bucket_domain_name": "msk-broker-logs-bucket-mdymen.s3.amazonaws.com",
            "bucket_prefix": null,
            "bucket_regional_domain_name": "msk-broker-logs-bucket-mdymen.s3.us-west-2.amazonaws.com",
            "cors_rule": [],
            "force_destroy": false,
            "grant": [
              {
                "id": "0fbfd759556bd181210f8a214f651476eacfc01df8b006bed9b53a8eaf1dbfd1",
                "permissions": [
                  "FULL_CONTROL"
                ],
                "type": "CanonicalUser",
                "uri": ""
              }
            ],
            "hosted_zone_id": "Z3BJ6K6RIION7M",
            "id": "msk-broker-logs-bucket-mdymen",
            "lifecycle_rule": [],
            "logging": [],
            "object_lock_configuration": [],
            "object_lock_enabled": false,
            "policy": "{\"Version\":\"2012-10-17\",\"Id\":\"AWSLogDeliveryWrite20150319\",\"Statement\":[{\"Sid\":\"AWSLogDeliveryWrite\",\"Effect\":\"Allow\",\"Principal\":{\"Service\":\"delivery.logs.amazonaws.com\"},\"Action\":\"s3:PutObject\",\"Resource\":\"arn:aws:s3:::msk-broker-logs-bucket-mdymen/logs/msk-/AWSLogs/150527197918/*\",\"Condition\":{\"StringEquals\":{\"aws:SourceAccount\":\"150527197918\",\"s3:x-amz-acl\":\"bucket-owner-full-control\"},\"ArnLike\":{\"aws:SourceArn\":\"arn:aws:logs:us-west-2:150527197918:*\"}}},{\"Sid\":\"AWSLogDeliveryAclCheck\",\"Effect\":\"Allow\",\"Principal\":{\"Service\":\"delivery.logs.amazonaws.com\"},\"Action\":\"s3:GetBucketAcl\",\"Resource\":\"arn:aws:s3:::msk-broker-logs-bucket-mdymen\",\"Condition\":{\"StringEquals\":{\"aws:SourceAccount\":\"150527197918\"},\"ArnLike\":{\"aws:SourceArn\":\"arn:aws:logs:us-west-2:150527197918:*\"}}}]}",
            "region": "us-west-2",
            "replication_configuration": [],
            "request_payer": "BucketOwner",
            "server_side_encryption_configuration": [],
            "tags": {},
            "tags_all": {},
            "versioning": [
              {
                "enabled": false,
                "mfa_delete": false
              }
            ],
            "website": [],
            "website_domain": null,
            "website_endpoint": null
          },
          "sensitive_attributes": [],
          "private": "bnVsbA=="
        }
      ]
    },
    {
      "mode": "managed",
      "type": "aws_s3_bucket_acl",
      "name": "bucket_acl",
      "provider": "provider[\"registry.terraform.io/hashicorp/aws\"]",
      "instances": [
        {
          "schema_version": 0,
          "attributes": {
            "access_control_policy": [
              {
                "grant": [
                  {
                    "grantee": [
                      {
                        "display_name": "martin",
                        "email_address": "",
                        "id": "0fbfd759556bd181210f8a214f651476eacfc01df8b006bed9b53a8eaf1dbfd1",
                        "type": "CanonicalUser",
                        "uri": ""
                      }
                    ],
                    "permission": "FULL_CONTROL"
                  }
                ],
                "owner": [
                  {
                    "display_name": "martin",
                    "id": "0fbfd759556bd181210f8a214f651476eacfc01df8b006bed9b53a8eaf1dbfd1"
                  }
                ]
              }
            ],
            "acl": "private",
            "bucket": "msk-broker-logs-bucket-mdymen",
            "expected_bucket_owner": "",
            "id": "msk-broker-logs-bucket-mdymen,private"
          },
          "sensitive_attributes": [],
          "private": "bnVsbA==",
          "dependencies": [
            "aws_s3_bucket.bucket"
          ]
        }
      ]
    },
    {
      "mode": "managed",
      "type": "aws_security_group",
      "name": "sg",
      "provider": "provider[\"registry.terraform.io/hashicorp/aws\"]",
      "instances": [
        {
          "schema_version": 1,
          "attributes": {
            "arn": "arn:aws:ec2:us-west-2:150527197918:security-group/sg-02dcb91fed9ed8417",
            "description": "Managed by Terraform",
            "egress": [],
            "id": "sg-02dcb91fed9ed8417",
            "ingress": [],
            "name": "terraform-20220803010700310400000001",
            "name_prefix": "terraform-",
            "owner_id": "150527197918",
            "revoke_rules_on_delete": false,
            "tags": {},
            "tags_all": {},
            "timeouts": null,
            "vpc_id": "vpc-02a197f6d4f70edcc"
          },
          "sensitive_attributes": [],
          "private": "eyJlMmJmYjczMC1lY2FhLTExZTYtOGY4OC0zNDM2M2JjN2M0YzAiOnsiY3JlYXRlIjo2MDAwMDAwMDAwMDAsImRlbGV0ZSI6OTAwMDAwMDAwMDAwfSwic2NoZW1hX3ZlcnNpb24iOiIxIn0=",
          "dependencies": [
            "aws_vpc.vpc"
          ]
        }
      ]
    },
    {
      "mode": "managed",
      "type": "aws_subnet",
      "name": "subnet_az1",
      "provider": "provider[\"registry.terraform.io/hashicorp/aws\"]",
      "instances": [
        {
          "schema_version": 1,
          "attributes": {
            "arn": "arn:aws:ec2:us-west-2:150527197918:subnet/subnet-083ccc383fcc2b4bc",
            "assign_ipv6_address_on_creation": false,
            "availability_zone": "us-west-2a",
            "availability_zone_id": "usw2-az2",
            "cidr_block": "192.168.0.0/24",
            "customer_owned_ipv4_pool": "",
            "enable_dns64": false,
            "enable_resource_name_dns_a_record_on_launch": false,
            "enable_resource_name_dns_aaaa_record_on_launch": false,
            "id": "subnet-083ccc383fcc2b4bc",
            "ipv6_cidr_block": "",
            "ipv6_cidr_block_association_id": "",
            "ipv6_native": false,
            "map_customer_owned_ip_on_launch": false,
            "map_public_ip_on_launch": false,
            "outpost_arn": "",
            "owner_id": "150527197918",
            "private_dns_hostname_type_on_launch": "ip-name",
            "tags": {},
            "tags_all": {},
            "timeouts": null,
            "vpc_id": "vpc-02a197f6d4f70edcc"
          },
          "sensitive_attributes": [],
          "private": "eyJlMmJmYjczMC1lY2FhLTExZTYtOGY4OC0zNDM2M2JjN2M0YzAiOnsiY3JlYXRlIjo2MDAwMDAwMDAwMDAsImRlbGV0ZSI6MTIwMDAwMDAwMDAwMH0sInNjaGVtYV92ZXJzaW9uIjoiMSJ9",
          "dependencies": [
            "aws_vpc.vpc",
            "data.aws_availability_zones.azs"
          ]
        }
      ]
    },
    {
      "mode": "managed",
      "type": "aws_subnet",
      "name": "subnet_az2",
      "provider": "provider[\"registry.terraform.io/hashicorp/aws\"]",
      "instances": [
        {
          "schema_version": 1,
          "attributes": {
            "arn": "arn:aws:ec2:us-west-2:150527197918:subnet/subnet-033269d9618d6c7c7",
            "assign_ipv6_address_on_creation": false,
            "availability_zone": "us-west-2b",
            "availability_zone_id": "usw2-az1",
            "cidr_block": "192.168.1.0/24",
            "customer_owned_ipv4_pool": "",
            "enable_dns64": false,
            "enable_resource_name_dns_a_record_on_launch": false,
            "enable_resource_name_dns_aaaa_record_on_launch": false,
            "id": "subnet-033269d9618d6c7c7",
            "ipv6_cidr_block": "",
            "ipv6_cidr_block_association_id": "",
            "ipv6_native": false,
            "map_customer_owned_ip_on_launch": false,
            "map_public_ip_on_launch": false,
            "outpost_arn": "",
            "owner_id": "150527197918",
            "private_dns_hostname_type_on_launch": "ip-name",
            "tags": {},
            "tags_all": {},
            "timeouts": null,
            "vpc_id": "vpc-02a197f6d4f70edcc"
          },
          "sensitive_attributes": [],
          "private": "eyJlMmJmYjczMC1lY2FhLTExZTYtOGY4OC0zNDM2M2JjN2M0YzAiOnsiY3JlYXRlIjo2MDAwMDAwMDAwMDAsImRlbGV0ZSI6MTIwMDAwMDAwMDAwMH0sInNjaGVtYV92ZXJzaW9uIjoiMSJ9",
          "dependencies": [
            "aws_vpc.vpc",
            "data.aws_availability_zones.azs"
          ]
        }
      ]
    },
    {
      "mode": "managed",
      "type": "aws_subnet",
      "name": "subnet_az3",
      "provider": "provider[\"registry.terraform.io/hashicorp/aws\"]",
      "instances": [
        {
          "schema_version": 1,
          "attributes": {
            "arn": "arn:aws:ec2:us-west-2:150527197918:subnet/subnet-08a43a52c870b9bde",
            "assign_ipv6_address_on_creation": false,
            "availability_zone": "us-west-2c",
            "availability_zone_id": "usw2-az3",
            "cidr_block": "192.168.2.0/24",
            "customer_owned_ipv4_pool": "",
            "enable_dns64": false,
            "enable_resource_name_dns_a_record_on_launch": false,
            "enable_resource_name_dns_aaaa_record_on_launch": false,
            "id": "subnet-08a43a52c870b9bde",
            "ipv6_cidr_block": "",
            "ipv6_cidr_block_association_id": "",
            "ipv6_native": false,
            "map_customer_owned_ip_on_launch": false,
            "map_public_ip_on_launch": false,
            "outpost_arn": "",
            "owner_id": "150527197918",
            "private_dns_hostname_type_on_launch": "ip-name",
            "tags": {},
            "tags_all": {},
            "timeouts": null,
            "vpc_id": "vpc-02a197f6d4f70edcc"
          },
          "sensitive_attributes": [],
          "private": "eyJlMmJmYjczMC1lY2FhLTExZTYtOGY4OC0zNDM2M2JjN2M0YzAiOnsiY3JlYXRlIjo2MDAwMDAwMDAwMDAsImRlbGV0ZSI6MTIwMDAwMDAwMDAwMH0sInNjaGVtYV92ZXJzaW9uIjoiMSJ9",
          "dependencies": [
            "aws_vpc.vpc",
            "data.aws_availability_zones.azs"
          ]
        }
      ]
    },
    {
      "mode": "managed",
      "type": "aws_vpc",
      "name": "vpc",
      "provider": "provider[\"registry.terraform.io/hashicorp/aws\"]",
      "instances": [
        {
          "schema_version": 1,
          "attributes": {
            "arn": "arn:aws:ec2:us-west-2:150527197918:vpc/vpc-02a197f6d4f70edcc",
            "assign_generated_ipv6_cidr_block": false,
            "cidr_block": "192.168.0.0/22",
            "default_network_acl_id": "acl-02b5b02591776bc87",
            "default_route_table_id": "rtb-088d55fafe5ca241e",
            "default_security_group_id": "sg-0e6bd0b35da89aeb3",
            "dhcp_options_id": "dopt-00e6b0ac51113c909",
            "enable_classiclink": false,
            "enable_classiclink_dns_support": false,
            "enable_dns_hostnames": false,
            "enable_dns_support": true,
            "id": "vpc-02a197f6d4f70edcc",
            "instance_tenancy": "default",
            "ipv4_ipam_pool_id": null,
            "ipv4_netmask_length": null,
            "ipv6_association_id": "",
            "ipv6_cidr_block": "",
            "ipv6_cidr_block_network_border_group": "",
            "ipv6_ipam_pool_id": "",
            "ipv6_netmask_length": 0,
            "main_route_table_id": "rtb-088d55fafe5ca241e",
            "owner_id": "150527197918",
            "tags": {},
            "tags_all": {}
          },
          "sensitive_attributes": [],
          "private": "eyJzY2hlbWFfdmVyc2lvbiI6IjEifQ=="
        }
      ]
    }
  ]
}
